
Microsoft Visual Studio Solution File, Format Version 12.00
# Visual Studio Version 16
VisualStudioVersion = 16.0.30907.101
MinimumVisualStudioVersion = 10.0.40219.1
Project("{FAE04EC0-301F-11D3-BF4B-00C04F79EFBC}") = "MyDictionaryDemo", "MyDictionaryDemo.csproj", "{20B72626-B333-4088-9E94-33EA9005983F}"
EndProject
Global
	GlobalSection(SolutionConfigurationPlatforms) = preSolution
		Debug|Any CPU = Debug|Any CPU
		Release|Any CPU = Release|Any CPU
	EndGlobalSection
	GlobalSection(ProjectConfigurationPlatforms) = postSolution
		{20B72626-B333-4088-9E94-33EA9005983F}.Debug|Any CPU.ActiveCfg = Debug|Any CPU
		{20B72626-B333-4088-9E94-33EA9005983F}.Debug|Any CPU.Build.0 = Debug|Any CPU
		{20B72626-B333-4088-9E94-33EA9005983F}.Release|Any CPU.ActiveCfg = Release|Any CPU
		{20B72626-B333-4088-9E94-33EA9005983F}.Release|Any CPU.Build.0 = Release|Any CPU
	EndGlobalSection
	GlobalSection(SolutionProperties) = preSolution
		HideSolutionNode = FALSE
	EndGlobalSection
	GlobalSection(ExtensibilityGlobals) = postSolution
		SolutionGuid = {D5473353-8D50-4432-8EDD-C2C448706A8D}
	EndGlobalSection
EndGlobal
